
Microsoft Visual Studio Solution File, Format Version 12.00
# Visual Studio Version 17
VisualStudioVersion = 17.14.36310.24 d17.14
MinimumVisualStudioVersion = 10.0.40219.1
Project("{FAE04EC0-301F-11D3-BF4B-00C04F79EFBC}") = "API_University_test1", "API_University_test1.csproj", "{FE6A723E-2C3B-41D3-9621-1DC182FB58E1}"
EndProject
Project("{FAE04EC0-301F-11D3-BF4B-00C04F79EFBC}") = "API_Consumer_University_test1", "..\API_Consumer_University_test1\API_Consumer_University_test1.csproj", "{30C2BCB7-C4B6-441A-A909-13601AA86245}"
EndProject
Global
	GlobalSection(SolutionConfigurationPlatforms) = preSolution
		Debug|Any CPU = Debug|Any CPU
		Release|Any CPU = Release|Any CPU
	EndGlobalSection
	GlobalSection(ProjectConfigurationPlatforms) = postSolution
		{FE6A723E-2C3B-41D3-9621-1DC182FB58E1}.Debug|Any CPU.ActiveCfg = Debug|Any CPU
		{FE6A723E-2C3B-41D3-9621-1DC182FB58E1}.Debug|Any CPU.Build.0 = Debug|Any CPU
		{FE6A723E-2C3B-41D3-9621-1DC182FB58E1}.Release|Any CPU.ActiveCfg = Release|Any CPU
		{FE6A723E-2C3B-41D3-9621-1DC182FB58E1}.Release|Any CPU.Build.0 = Release|Any CPU
		{30C2BCB7-C4B6-441A-A909-13601AA86245}.Debug|Any CPU.ActiveCfg = Debug|Any CPU
		{30C2BCB7-C4B6-441A-A909-13601AA86245}.Debug|Any CPU.Build.0 = Debug|Any CPU
		{30C2BCB7-C4B6-441A-A909-13601AA86245}.Release|Any CPU.ActiveCfg = Release|Any CPU
		{30C2BCB7-C4B6-441A-A909-13601AA86245}.Release|Any CPU.Build.0 = Release|Any CPU
	EndGlobalSection
	GlobalSection(SolutionProperties) = preSolution
		HideSolutionNode = FALSE
	EndGlobalSection
	GlobalSection(ExtensibilityGlobals) = postSolution
		SolutionGuid = {5CD24E16-9EAC-42EB-8042-A676C70A7B5D}
	EndGlobalSection
EndGlobal
